PODS:
  - Realm (5.0.2):
    - Realm/Headers (= 5.0.2)
  - Realm/Headers (5.0.2)
  - RealmSwift (5.0.2):
    - Realm (= 5.0.2)
  - ReSwift (5.0.0)

DEPENDENCIES:
  - RealmSwift
  - ReSwift

SPEC REPOS:
  trunk:
    - Realm
    - RealmSwift
    - ReSwift

SPEC CHECKSUMS:
  Realm: 6b6f096671b64b04d08974177cabb2ff9343d153
  RealmSwift: a3db6be0488bf3e1d5314c2956cefe98a65cdd01
  ReSwift: 628f1a9b3ee52e3b3ca2a644435472fd77afafe1

PODFILE CHECKSUM: 3573846f2f052c3d870ac161158df5f4a58242ca

COCOAPODS: 1.8.4
